
Microsoft Visual Studio Solution File, Format Version 12.00
# Visual Studio Version 17
VisualStudioVersion = 17.9.34616.47
MinimumVisualStudioVersion = 10.0.40219.1
Project("{8BC9CEB8-8B4A-11D0-8D11-00A0C91BC942}") = "Project26", "Project26\Project26.vcxproj", "{F466B133-71FC-463C-8C7A-32E40BC5E784}"
EndProject
Global
	GlobalSection(SolutionConfigurationPlatforms) = preSolution
		Debug|x64 = Debug|x64
		Debug|x86 = Debug|x86
		Release|x64 = Release|x64
		Release|x86 = Release|x86
	EndGlobalSection
	GlobalSection(ProjectConfigurationPlatforms) = postSolution
		{F466B133-71FC-463C-8C7A-32E40BC5E784}.Debug|x64.ActiveCfg = Debug|x64
		{F466B133-71FC-463C-8C7A-32E40BC5E784}.Debug|x64.Build.0 = Debug|x64
		{F466B133-71FC-463C-8C7A-32E40BC5E784}.Debug|x86.ActiveCfg = Debug|Win32
		{F466B133-71FC-463C-8C7A-32E40BC5E784}.Debug|x86.Build.0 = Debug|Win32
		{F466B133-71FC-463C-8C7A-32E40BC5E784}.Release|x64.ActiveCfg = Release|x64
		{F466B133-71FC-463C-8C7A-32E40BC5E784}.Release|x64.Build.0 = Release|x64
		{F466B133-71FC-463C-8C7A-32E40BC5E784}.Release|x86.ActiveCfg = Release|Win32
		{F466B133-71FC-463C-8C7A-32E40BC5E784}.Release|x86.Build.0 = Release|Win32
	EndGlobalSection
	GlobalSection(SolutionProperties) = preSolution
		HideSolutionNode = FALSE
	EndGlobalSection
	GlobalSection(ExtensibilityGlobals) = postSolution
		SolutionGuid = {20F40CC5-3DC5-46FD-BE95-7BBAE861FF19}
	EndGlobalSection
EndGlobal
